PODS:
  - KeychainAccess (4.2.2)
  - NVActivityIndicatorView (5.1.1):
    - NVActivityIndicatorView/Base (= 5.1.1)
  - NVActivityIndicatorView/Base (5.1.1)
  - OAuthSwift (1.2.2)
  - PKHUD (5.3.0)
  - ReachabilitySwift (5.0.0)
  - Realm (10.7.2):
    - Realm/Headers (= 10.7.2)
  - Realm/Headers (10.7.2)
  - RealmSwift (10.7.2):
    - Realm (= 10.7.2)

DEPENDENCIES:
  - KeychainAccess
  - NVActivityIndicatorView
  - OAuthSwift (~> 1.2.0)
  - PKHUD
  - ReachabilitySwift
  - RealmSwift

SPEC REPOS:
  trunk:
    - KeychainAccess
    - NVActivityIndicatorView
    - OAuthSwift
    - PKHUD
    - ReachabilitySwift
    - Realm
    - RealmSwift

SPEC CHECKSUMS:
  KeychainAccess: c0c4f7f38f6fc7bbe58f5702e25f7bd2f65abf51
  NVActivityIndicatorView: 1f6c5687f1171810aa27a3296814dc2d7dec3667
  OAuthSwift: 27b34fe80b76b67cd8f45571e0be2432bc9f6de1
  PKHUD: 98f3e4bc904b9c916f1c5bb6d765365b5357291b
  ReachabilitySwift: 985039c6f7b23a1da463388634119492ff86c825
  Realm: e523da9ade306c5ae87e85dc09fdef148d3e1cc1
  RealmSwift: 4f6758c3adbdcc87f7b7777107226532a077f61c

PODFILE CHECKSUM: b30148749942e9ce5952ad853ab260dd5282c5a5

COCOAPODS: 1.10.1
